{
  "nodes": {
    "cadquery-src": {
      "flake": false,
      "locked": {
        "lastModified": 1655429840,
        "narHash": "sha256-3MPkeQzTJCNBnxuqpiNSrs7ZwIY0G84Z54AcZ5yXjbA=",
        "owner": "CadQuery",
        "repo": "cadquery",
        "rev": "c9d3f1e693d8d3b59054c8f10027c46a55342b22",
        "type": "github"
      },
      "original": {
        "owner": "CadQuery",
        "repo": "cadquery",
        "type": "github"
      }
    },
    "cq-editor-src": {
      "flake": false,
      "locked": {
        "lastModified": 1645031287,
        "narHash": "sha256-/LoZN/ysTRWnK9eoehtnkyXDH1k6AoT0q4ul/ynspHM=",
        "owner": "CadQuery",
        "repo": "CQ-editor",
        "rev": "4b461fe195d0a4e99b9a6c43b7e1fe0cb4c5e77d",
        "type": "github"
      },
      "original": {
        "owner": "CadQuery",
        "repo": "CQ-editor",
        "type": "github"
      }
    },
    "flake-utils": {
      "locked": {
        "lastModified": 1653893745,
        "narHash": "sha256-0jntwV3Z8//YwuOjzhV2sgJJPt+HY6KhU7VZUL0fKZQ=",
        "owner": "numtide",
        "repo": "flake-utils",
        "rev": "1ed9fb1935d260de5fe1c2f7ee0ebaae17ed2fa1",
        "type": "github"
      },
      "original": {
        "owner": "numtide",
        "repo": "flake-utils",
        "type": "github"
      }
    },
    "llvm-src": {
      "flake": false,
      "locked": {
        "lastModified": 1612389070,
        "narHash": "sha256-6LPXPHVtUgOYmqOhD3KbwD+WIalRWxptmAUJbqbH/y0=",
        "owner": "llvm",
        "repo": "llvm-project",
        "rev": "1fdec59bffc11ae37eb51a1b9869f0696bfd5312",
        "type": "github"
      },
      "original": {
        "owner": "llvm",
        "ref": "llvmorg-11.1.0",
        "repo": "llvm-project",
        "type": "github"
      }
    },
    "nixpkgs": {
      "locked": {
        "lastModified": 1655567057,
        "narHash": "sha256-Cc5hQSMsTzOHmZnYm8OSJ5RNUp22bd5NADWLHorULWQ=",
        "owner": "NixOS",
        "repo": "nixpkgs",
        "rev": "e0a42267f73ea52adc061a64650fddc59906fc99",
        "type": "github"
      },
      "original": {
        "owner": "NixOS",
        "ref": "nixos-unstable",
        "repo": "nixpkgs",
        "type": "github"
      }
    },
    "ocp-src": {
      "flake": false,
      "locked": {
        "lastModified": 1653501702,
        "narHash": "sha256-jaZVsbMWSuLNnLlRzDp4ZEKqZLXC8OAp+i8/jKbMRJg=",
        "owner": "cadquery",
        "repo": "ocp",
        "rev": "257c90a912e9477d4f97004fc8bc4cdfa752993c",
        "type": "github"
      },
      "original": {
        "owner": "cadquery",
        "repo": "ocp",
        "type": "github"
      }
    },
    "ocp-stubs-src": {
      "flake": false,
      "locked": {
        "lastModified": 1614280796,
        "narHash": "sha256-/x82W4thZlzY1Qw6iBplq21zqgUopp6vTyABqVlCzeI=",
        "owner": "cadquery",
        "repo": "ocp-stubs",
        "rev": "51932c145b16af53fed202ea4d6896263249d8b4",
        "type": "github"
      },
      "original": {
        "owner": "cadquery",
        "repo": "ocp-stubs",
        "type": "github"
      }
    },
    "pybind11-stubgen-src": {
      "flake": false,
      "locked": {
        "lastModified": 1614498937,
        "narHash": "sha256-AR/LQcuUswP426ZgNeLBODRVtfP+XhWdXg9idd5BrLU=",
        "owner": "CadQuery",
        "repo": "pybind11-stubgen",
        "rev": "18da5410b35b775a25f15a7a68210f2e4818be43",
        "type": "github"
      },
      "original": {
        "owner": "CadQuery",
        "repo": "pybind11-stubgen",
        "type": "github"
      }
    },
    "pywrap-src": {
      "flake": false,
      "locked": {
        "lastModified": 1642094205,
        "narHash": "sha256-yHZSgqieVGRBpY7m/2H7MeYFmvUSayHVv7SV2y1857I=",
        "owner": "CadQuery",
        "repo": "pywrap",
        "rev": "66e7376d3a27444393fc99acbdbef40bbc7031ae",
        "type": "github"
      },
      "original": {
        "owner": "CadQuery",
        "repo": "pywrap",
        "type": "github"
      }
    },
    "root": {
      "inputs": {
        "cadquery-src": "cadquery-src",
        "cq-editor-src": "cq-editor-src",
        "flake-utils": "flake-utils",
        "llvm-src": "llvm-src",
        "nixpkgs": "nixpkgs",
        "ocp-src": "ocp-src",
        "ocp-stubs-src": "ocp-stubs-src",
        "pybind11-stubgen-src": "pybind11-stubgen-src",
        "pywrap-src": "pywrap-src"
      }
    }
  },
  "root": "root",
  "version": 7
}
